
Microsoft Visual Studio Solution File, Format Version 12.00
# Visual Studio 2015
Project("{FAE04EC0-301F-11D3-BF4B-00C04F79EFBC}") = "ParkourDemo.Plugins", "ParkourDemo.Plugins.csproj", "{EF84574B-A4CA-A62B-CAE8-314C6C92A33A}"
EndProject
Project("{FAE04EC0-301F-11D3-BF4B-00C04F79EFBC}") = "ParkourDemo", "ParkourDemo.csproj", "{283F5344-B9DA-8610-83EC-FF4EAB34EBAF}"
EndProject
Project("{FAE04EC0-301F-11D3-BF4B-00C04F79EFBC}") = "ParkourDemo.Editor", "ParkourDemo.Editor.csproj", "{2A0F9C1D-8DB1-6925-0B4B-6B64EEEAE0A0}"
EndProject
Global
	GlobalSection(SolutionConfigurationPlatforms) = preSolution
		Debug|Any CPU = Debug|Any CPU
		Release|Any CPU = Release|Any CPU
	EndGlobalSection
	GlobalSection(ProjectConfigurationPlatforms) = postSolution
		{EF84574B-A4CA-A62B-CAE8-314C6C92A33A}.Debug|Any CPU.ActiveCfg = Debug|Any CPU
		{EF84574B-A4CA-A62B-CAE8-314C6C92A33A}.Debug|Any CPU.Build.0 = Debug|Any CPU
		{EF84574B-A4CA-A62B-CAE8-314C6C92A33A}.Release|Any CPU.ActiveCfg = Release|Any CPU
		{EF84574B-A4CA-A62B-CAE8-314C6C92A33A}.Release|Any CPU.Build.0 = Release|Any CPU
		{283F5344-B9DA-8610-83EC-FF4EAB34EBAF}.Debug|Any CPU.ActiveCfg = Debug|Any CPU
		{283F5344-B9DA-8610-83EC-FF4EAB34EBAF}.Debug|Any CPU.Build.0 = Debug|Any CPU
		{283F5344-B9DA-8610-83EC-FF4EAB34EBAF}.Release|Any CPU.ActiveCfg = Release|Any CPU
		{283F5344-B9DA-8610-83EC-FF4EAB34EBAF}.Release|Any CPU.Build.0 = Release|Any CPU
		{2A0F9C1D-8DB1-6925-0B4B-6B64EEEAE0A0}.Debug|Any CPU.ActiveCfg = Debug|Any CPU
		{2A0F9C1D-8DB1-6925-0B4B-6B64EEEAE0A0}.Debug|Any CPU.Build.0 = Debug|Any CPU
		{2A0F9C1D-8DB1-6925-0B4B-6B64EEEAE0A0}.Release|Any CPU.ActiveCfg = Release|Any CPU
		{2A0F9C1D-8DB1-6925-0B4B-6B64EEEAE0A0}.Release|Any CPU.Build.0 = Release|Any CPU
	EndGlobalSection
	GlobalSection(SolutionProperties) = preSolution
		HideSolutionNode = FALSE
	EndGlobalSection
EndGlobal
